
Microsoft Visual Studio Solution File, Format Version 12.00
# Visual Studio Version 17
VisualStudioVersion = 17.0.32014.148
MinimumVisualStudioVersion = 10.0.40219.1
Project("{2150E333-8FDC-42A3-9474-1A3956D46DE8}") = "Services", "Services", "{1ECBD9B0-5BBF-4FEB-AC19-EA767220E533}"
EndProject
Project("{2150E333-8FDC-42A3-9474-1A3956D46DE8}") = "Catalog", "Catalog", "{177F987D-6B4F-40D3-B809-78F972A5DE26}"
EndProject
Project("{9A19103F-16F7-4668-BE54-9A1E7A4F7556}") = "Catalog.API", "Services\Catalog\Catalog.API\Catalog.API.csproj", "{A638B9DB-7496-44B7-A74D-8C0672D2AD42}"
EndProject
Project("{E53339B2-1760-4266-BCC7-CA923CBCF16C}") = "docker-compose", "docker-compose.dcproj", "{B6D015FE-DA3A-4BDC-99A6-C064F996EAE0}"
EndProject
Project("{2150E333-8FDC-42A3-9474-1A3956D46DE8}") = "Basket", "Basket", "{EEF5D776-34E6-49A6-B51C-5A58E2725202}"
EndProject
Project("{9A19103F-16F7-4668-BE54-9A1E7A4F7556}") = "Basket.API", "Services\Basket\Basket.API\Basket.API.csproj", "{B75C1F7E-B2DB-48D9-BA33-A5AD72E09380}"
EndProject
Project("{2150E333-8FDC-42A3-9474-1A3956D46DE8}") = "Discount", "Discount", "{0353274E-1451-4786-BA8F-4867967FF654}"
EndProject
Project("{9A19103F-16F7-4668-BE54-9A1E7A4F7556}") = "Discount.API", "Services\Discount\Discount.API\Discount.API.csproj", "{0796CFD3-CB95-4236-A882-81A672D2B4A3}"
EndProject
Project("{9A19103F-16F7-4668-BE54-9A1E7A4F7556}") = "Discount.Grpc", "Services\Discount\Discount.Grpc\Discount.Grpc.csproj", "{795C008E-0196-4F3E-9C7C-17AC26CAD564}"
EndProject
Project("{2150E333-8FDC-42A3-9474-1A3956D46DE8}") = "Order", "Order", "{3DF72167-A20C-465B-A09D-C75E423A4DE1}"
EndProject
Project("{9A19103F-16F7-4668-BE54-9A1E7A4F7556}") = "Order.API", "Services\Order\Order.API\Order.API.csproj", "{196A3C4F-7D3B-48C3-ACB7-F12D63A5F0EC}"
EndProject
Project("{9A19103F-16F7-4668-BE54-9A1E7A4F7556}") = "Order.Domain", "Services\Order\Order.Domain\Order.Domain.csproj", "{EEB6E706-B2F5-4319-8B36-87B3D3F64E6D}"
EndProject
Project("{9A19103F-16F7-4668-BE54-9A1E7A4F7556}") = "Order.Application", "Services\Order\Order.Application\Order.Application.csproj", "{FCA89CE7-EF12-42D8-9A00-28118E0E1F66}"
EndProject
Project("{9A19103F-16F7-4668-BE54-9A1E7A4F7556}") = "Order.Infrastructure", "Services\Order\Order.Infrastructure\Order.Infrastructure.csproj", "{52A714C3-1E28-4EA5-A91B-6872B500DE1D}"
EndProject
Project("{2150E333-8FDC-42A3-9474-1A3956D46DE8}") = "BuildingBlocks", "BuildingBlocks", "{A698FE52-EAA6-4F97-A09F-5FE53DC4F078}"
EndProject
Project("{FAE04EC0-301F-11D3-BF4B-00C04F79EFBC}") = "EventBus.Messages", "BuildingBlocks\EventBus.Messages\EventBus.Messages.csproj", "{C57E0B9B-7ECB-47E7-9046-6B00730260FB}"
EndProject
Global
	GlobalSection(SolutionConfigurationPlatforms) = preSolution
		Debug|Any CPU = Debug|Any CPU
		Release|Any CPU = Release|Any CPU
	EndGlobalSection
	GlobalSection(ProjectConfigurationPlatforms) = postSolution
		{A638B9DB-7496-44B7-A74D-8C0672D2AD42}.Debug|Any CPU.ActiveCfg = Debug|Any CPU
		{A638B9DB-7496-44B7-A74D-8C0672D2AD42}.Debug|Any CPU.Build.0 = Debug|Any CPU
		{A638B9DB-7496-44B7-A74D-8C0672D2AD42}.Release|Any CPU.ActiveCfg = Release|Any CPU
		{A638B9DB-7496-44B7-A74D-8C0672D2AD42}.Release|Any CPU.Build.0 = Release|Any CPU
		{B6D015FE-DA3A-4BDC-99A6-C064F996EAE0}.Debug|Any CPU.ActiveCfg = Debug|Any CPU
		{B6D015FE-DA3A-4BDC-99A6-C064F996EAE0}.Debug|Any CPU.Build.0 = Debug|Any CPU
		{B6D015FE-DA3A-4BDC-99A6-C064F996EAE0}.Release|Any CPU.ActiveCfg = Release|Any CPU
		{B6D015FE-DA3A-4BDC-99A6-C064F996EAE0}.Release|Any CPU.Build.0 = Release|Any CPU
		{B75C1F7E-B2DB-48D9-BA33-A5AD72E09380}.Debug|Any CPU.ActiveCfg = Debug|Any CPU
		{B75C1F7E-B2DB-48D9-BA33-A5AD72E09380}.Debug|Any CPU.Build.0 = Debug|Any CPU
		{B75C1F7E-B2DB-48D9-BA33-A5AD72E09380}.Release|Any CPU.ActiveCfg = Release|Any CPU
		{B75C1F7E-B2DB-48D9-BA33-A5AD72E09380}.Release|Any CPU.Build.0 = Release|Any CPU
		{0796CFD3-CB95-4236-A882-81A672D2B4A3}.Debug|Any CPU.ActiveCfg = Debug|Any CPU
		{0796CFD3-CB95-4236-A882-81A672D2B4A3}.Debug|Any CPU.Build.0 = Debug|Any CPU
		{0796CFD3-CB95-4236-A882-81A672D2B4A3}.Release|Any CPU.ActiveCfg = Release|Any CPU
		{0796CFD3-CB95-4236-A882-81A672D2B4A3}.Release|Any CPU.Build.0 = Release|Any CPU
		{795C008E-0196-4F3E-9C7C-17AC26CAD564}.Debug|Any CPU.ActiveCfg = Debug|Any CPU
		{795C008E-0196-4F3E-9C7C-17AC26CAD564}.Debug|Any CPU.Build.0 = Debug|Any CPU
		{795C008E-0196-4F3E-9C7C-17AC26CAD564}.Release|Any CPU.ActiveCfg = Release|Any CPU
		{795C008E-0196-4F3E-9C7C-17AC26CAD564}.Release|Any CPU.Build.0 = Release|Any CPU
		{196A3C4F-7D3B-48C3-ACB7-F12D63A5F0EC}.Debug|Any CPU.ActiveCfg = Debug|Any CPU
		{196A3C4F-7D3B-48C3-ACB7-F12D63A5F0EC}.Debug|Any CPU.Build.0 = Debug|Any CPU
		{196A3C4F-7D3B-48C3-ACB7-F12D63A5F0EC}.Release|Any CPU.ActiveCfg = Release|Any CPU
		{196A3C4F-7D3B-48C3-ACB7-F12D63A5F0EC}.Release|Any CPU.Build.0 = Release|Any CPU
		{EEB6E706-B2F5-4319-8B36-87B3D3F64E6D}.Debug|Any CPU.ActiveCfg = Debug|Any CPU
		{EEB6E706-B2F5-4319-8B36-87B3D3F64E6D}.Debug|Any CPU.Build.0 = Debug|Any CPU
		{EEB6E706-B2F5-4319-8B36-87B3D3F64E6D}.Release|Any CPU.ActiveCfg = Release|Any CPU
		{EEB6E706-B2F5-4319-8B36-87B3D3F64E6D}.Release|Any CPU.Build.0 = Release|Any CPU
		{FCA89CE7-EF12-42D8-9A00-28118E0E1F66}.Debug|Any CPU.ActiveCfg = Debug|Any CPU
		{FCA89CE7-EF12-42D8-9A00-28118E0E1F66}.Debug|Any CPU.Build.0 = Debug|Any CPU
		{FCA89CE7-EF12-42D8-9A00-28118E0E1F66}.Release|Any CPU.ActiveCfg = Release|Any CPU
		{FCA89CE7-EF12-42D8-9A00-28118E0E1F66}.Release|Any CPU.Build.0 = Release|Any CPU
		{52A714C3-1E28-4EA5-A91B-6872B500DE1D}.Debug|Any CPU.ActiveCfg = Debug|Any CPU
		{52A714C3-1E28-4EA5-A91B-6872B500DE1D}.Debug|Any CPU.Build.0 = Debug|Any CPU
		{52A714C3-1E28-4EA5-A91B-6872B500DE1D}.Release|Any CPU.ActiveCfg = Release|Any CPU
		{52A714C3-1E28-4EA5-A91B-6872B500DE1D}.Release|Any CPU.Build.0 = Release|Any CPU
		{C57E0B9B-7ECB-47E7-9046-6B00730260FB}.Debug|Any CPU.ActiveCfg = Debug|Any CPU
		{C57E0B9B-7ECB-47E7-9046-6B00730260FB}.Debug|Any CPU.Build.0 = Debug|Any CPU
		{C57E0B9B-7ECB-47E7-9046-6B00730260FB}.Release|Any CPU.ActiveCfg = Release|Any CPU
		{C57E0B9B-7ECB-47E7-9046-6B00730260FB}.Release|Any CPU.Build.0 = Release|Any CPU
	EndGlobalSection
	GlobalSection(SolutionProperties) = preSolution
		HideSolutionNode = FALSE
	EndGlobalSection
	GlobalSection(NestedProjects) = preSolution
		{177F987D-6B4F-40D3-B809-78F972A5DE26} = {1ECBD9B0-5BBF-4FEB-AC19-EA767220E533}
		{A638B9DB-7496-44B7-A74D-8C0672D2AD42} = {177F987D-6B4F-40D3-B809-78F972A5DE26}
		{EEF5D776-34E6-49A6-B51C-5A58E2725202} = {1ECBD9B0-5BBF-4FEB-AC19-EA767220E533}
		{B75C1F7E-B2DB-48D9-BA33-A5AD72E09380} = {EEF5D776-34E6-49A6-B51C-5A58E2725202}
		{0353274E-1451-4786-BA8F-4867967FF654} = {1ECBD9B0-5BBF-4FEB-AC19-EA767220E533}
		{0796CFD3-CB95-4236-A882-81A672D2B4A3} = {0353274E-1451-4786-BA8F-4867967FF654}
		{795C008E-0196-4F3E-9C7C-17AC26CAD564} = {0353274E-1451-4786-BA8F-4867967FF654}
		{3DF72167-A20C-465B-A09D-C75E423A4DE1} = {1ECBD9B0-5BBF-4FEB-AC19-EA767220E533}
		{196A3C4F-7D3B-48C3-ACB7-F12D63A5F0EC} = {3DF72167-A20C-465B-A09D-C75E423A4DE1}
		{EEB6E706-B2F5-4319-8B36-87B3D3F64E6D} = {3DF72167-A20C-465B-A09D-C75E423A4DE1}
		{FCA89CE7-EF12-42D8-9A00-28118E0E1F66} = {3DF72167-A20C-465B-A09D-C75E423A4DE1}
		{52A714C3-1E28-4EA5-A91B-6872B500DE1D} = {3DF72167-A20C-465B-A09D-C75E423A4DE1}
		{C57E0B9B-7ECB-47E7-9046-6B00730260FB} = {A698FE52-EAA6-4F97-A09F-5FE53DC4F078}
	EndGlobalSection
	GlobalSection(ExtensibilityGlobals) = postSolution
		SolutionGuid = {495DAB3A-A930-432B-A89F-550C0026F935}
	EndGlobalSection
EndGlobal
